# This file is automatically @generated by Cargo.
# It is not intended for manual editing.
version = 4

[[package]]
name = "heldout-bench"
version = "0.1.0"
dependencies = [
 "subj_opt",
 "subj_rustc",
 "subj_rustc_aa",
]

[[package]]
name = "subj_opt"
version = "0.1.0"

[[package]]
name = "subj_rustc"
version = "0.1.0"

[[package]]
name = "subj_rustc_aa"
version = "0.1.0"
