# This file is automatically @generated by Cargo.
# It is not intended for manual editing.
version = 4

[[package]]
name = "bytes"
version = "1.12.1"
source = "registry+https://github.com/rust-lang/crates.io-index"
checksum = "fc652a48c352aef3ea3aed32080501cf3ef6ed5da78602a020c991775b0aff04"

[[package]]
name = "fx-ai-err"
version = "0.0.0"

[[package]]
name = "fx-ai-lit"
version = "0.0.0"

[[package]]
name = "fx-ai-panics"
version = "0.0.0"

[[package]]
name = "fx-ai-ref-abs"
version = "0.0.0"

[[package]]
name = "fx-ai-ref-add"
version = "0.0.0"

[[package]]
name = "fx-ai-ref-lt"
version = "0.0.0"

[[package]]
name = "fx-ai-ref-widen"
version = "0.0.0"

[[package]]
name = "fx-ai-signed"
version = "0.0.0"

[[package]]
name = "fx-bl-mbits-edited"
version = "0.0.0"

[[package]]
name = "fx-cfg-if"
version = "0.0.0"

[[package]]
name = "fx-codec"
version = "0.0.0"

[[package]]
name = "fx-conf-inplace"
version = "0.0.0"

[[package]]
name = "fx-conf-m"
version = "0.0.0"

[[package]]
name = "fx-conf-w"
version = "0.0.0"
dependencies = [
 "bytes",
]

[[package]]
name = "fx-conf-w64"
version = "0.0.0"
dependencies = [
 "bytes",
]

[[package]]
name = "fx-hosts"
version = "0.0.0"

[[package]]
name = "fx-ic-two"
version = "0.0.0"

[[package]]
name = "fx-lift-w"
version = "0.0.0"

[[package]]
name = "fx-lk-host"
version = "0.0.0"

[[package]]
name = "fx-lk-paths"
version = "0.0.0"

[[package]]
name = "fx-lk-prim"
version = "0.0.0"

[[package]]
name = "fx-lk-rec"
version = "0.0.0"

[[package]]
name = "fx-lo-asserts"
version = "0.0.0"

[[package]]
name = "fx-lo-expect"
version = "0.0.0"

[[package]]
name = "fx-lo-halve"
version = "0.0.0"

[[package]]
name = "fx-lo-hosty"
version = "0.0.0"
dependencies = [
 "fx-cfg-if",
 "fx-codec",
]

[[package]]
name = "fx-lo-iter"
version = "0.0.0"

[[package]]
name = "fx-lo-open-big9"
version = "0.0.0"

[[package]]
name = "fx-lo-open-small"
version = "0.0.0"

[[package]]
name = "fx-lo-ops"
version = "0.0.0"

[[package]]
name = "fx-lo-partly"
version = "0.0.0"

[[package]]
name = "fx-lo-partly-call"
version = "0.0.0"

[[package]]
name = "fx-lo-safe"
version = "0.0.0"

[[package]]
name = "fx-lo-two"
version = "0.0.0"

[[package]]
name = "fx-lo-walk"
version = "0.0.0"

[[package]]
name = "fx-lu-hostmod"
version = "0.0.0"

[[package]]
name = "fx-lu-nested"
version = "0.0.0"

[[package]]
name = "fx-lu-nested-line"
version = "0.0.0"

[[package]]
name = "fx-lu-nested-mod"
version = "0.0.0"

[[package]]
name = "fx-lu-top"
version = "0.0.0"

[[package]]
name = "fx-lv-bump"
version = "0.0.0"

[[package]]
name = "fx-lv-er"
version = "0.0.0"
dependencies = [
 "fx-hosts",
]

[[package]]
name = "fx-lv-inv"
version = "0.0.0"
dependencies = [
 "thiserror",
]

[[package]]
name = "fx-lv-items"
version = "0.0.0"

[[package]]
name = "fx-lv-rec"
version = "0.0.0"

[[package]]
name = "fx-lv-st"
version = "0.0.0"

[[package]]
name = "fx-lv-tr"
version = "0.0.0"

[[package]]
name = "fx-lv-wb"
version = "0.0.0"

[[package]]
name = "fx-mt-cmp"
version = "0.0.0"

[[package]]
name = "fx-mt-derived"
version = "0.0.0"

[[package]]
name = "fx-mt-half"
version = "0.0.0"

[[package]]
name = "fx-mt-ord"
version = "0.0.0"

[[package]]
name = "fx-mt-pair"
version = "0.0.0"

[[package]]
name = "fx-mt-qualified"
version = "0.0.0"

[[package]]
name = "fx-opt-bits"
version = "0.0.0"

[[package]]
name = "fx-opt-buf"
version = "0.0.0"
dependencies = [
 "bytes",
]

[[package]]
name = "fx-opt-driven"
version = "0.0.0"

[[package]]
name = "fx-opt-driven-more"
version = "0.0.0"
dependencies = [
 "bytes",
]

[[package]]
name = "fx-opt-driven-taken"
version = "0.0.0"

[[package]]
name = "fx-opt-gen2"
version = "0.0.0"

[[package]]
name = "fx-opt-gen2-more"
version = "0.0.0"
dependencies = [
 "bytes",
]

[[package]]
name = "fx-opt-ip-inplace"
version = "0.0.0"

[[package]]
name = "fx-opt-ip-mod"
version = "0.0.0"

[[package]]
name = "fx-opt-mbits"
version = "0.0.0"

[[package]]
name = "fx-opt-mbits-cheap"
version = "0.0.0"

[[package]]
name = "fx-opt-panics"
version = "0.0.0"

[[package]]
name = "fx-opt-rd"
version = "0.0.0"
dependencies = [
 "bytes",
]

[[package]]
name = "fx-opt-shipped"
version = "0.0.0"

[[package]]
name = "fx-rw-mix"
version = "0.0.0"

[[package]]
name = "proc-macro2"
version = "1.0.107"
source = "registry+https://github.com/rust-lang/crates.io-index"
checksum = "985e7ec9bb745e6ce6535b544d84d6cd6f7ad8bd711c398938ae983b91a766d9"
dependencies = [
 "unicode-ident",
]

[[package]]
name = "quote"
version = "1.0.47"
source = "registry+https://github.com/rust-lang/crates.io-index"
checksum = "1fbf4db142a473a8d80c26bbf18454ed458bf8d26c8219c331daecfdbd079001"
dependencies = [
 "proc-macro2",
]

[[package]]
name = "syn"
version = "3.0.6"
source = "registry+https://github.com/rust-lang/crates.io-index"
checksum = "8593e8e72159ed2257d083c7a454a85cbf854f37a0966d8d483aff8c8a3ebcee"
dependencies = [
 "proc-macro2",
 "quote",
 "unicode-ident",
]

[[package]]
name = "thiserror"
version = "2.0.21"
source = "registry+https://github.com/rust-lang/crates.io-index"
checksum = "09e52cb86a36cede5cb101bf8908837b3e4c6e5e59fe7fd85c23fb56200d189e"
dependencies = [
 "thiserror-impl",
]

[[package]]
name = "thiserror-impl"
version = "2.0.21"
source = "registry+https://github.com/rust-lang/crates.io-index"
checksum = "fe5197923287db20a58125f0bc85c062f7f2c892de97b18c356f9efb14b28524"
dependencies = [
 "proc-macro2",
 "quote",
 "syn",
]

[[package]]
name = "unicode-ident"
version = "1.0.26"
source = "registry+https://github.com/rust-lang/crates.io-index"
checksum = "d245f478577f809a851594d02313b640fb437e0bb33866753cff937863096954"
