# This file is automatically @generated by Cargo.
# It is not intended for manual editing.
version = 4

[[package]]
name = "cgen"
version = "0.1.0"

[[package]]
name = "cgen_o1"
version = "0.1.0"

[[package]]
name = "ideal"
version = "0.1.0"

[[package]]
name = "opt-corpus"
version = "0.1.0"
dependencies = [
 "cgen",
 "cgen_o1",
 "ideal",
]
